# THIS IS AN AUTOGENERATED FILE. DO NOT EDIT THIS FILE DIRECTLY.
# yarn lockfile v1


"@aws-crypto/ie11-detection@^2.0.0":
  version "2.0.0"
  resolved "https://registry.yarnpkg.com/@aws-crypto/ie11-detection/-/ie11-detection-2.0.0.tgz#bb6c2facf8f03457e949dcf0921477397ffa4c6e"
  integrity sha512-pkVXf/dq6PITJ0jzYZ69VhL8VFOFoPZLZqtU/12SGnzYuJOOGNfF41q9GxdI1yqC8R13Rq3jOLKDFpUJFT5eTA==
  dependencies:
    tslib "^1.11.1"

"@aws-crypto/sha256-browser@2.0.0":
  version "2.0.0"
  resolved "https://registry.yarnpkg.com/@aws-crypto/sha256-browser/-/sha256-browser-2.0.0.tgz#741c9024df55ec59b51e5b1f5d806a4852699fb5"
  integrity sha512-rYXOQ8BFOaqMEHJrLHul/25ckWH6GTJtdLSajhlqGMx0PmSueAuvboCuZCTqEKlxR8CQOwRarxYMZZSYlhRA1A==
  dependencies:
    "@aws-crypto/ie11-detection" "^2.0.0"
    "@aws-crypto/sha256-js" "^2.0.0"
    "@aws-crypto/supports-web-crypto" "^2.0.0"
    "@aws-crypto/util" "^2.0.0"
    "@aws-sdk/types" "^3.1.0"
    "@aws-sdk/util-locate-window" "^3.0.0"
    "@aws-sdk/util-utf8-browser" "^3.0.0"
    tslib "^1.11.1"

"@aws-crypto/sha256-js@2.0.0":
  version "2.0.0"
  resolved "https://registry.yarnpkg.com/@aws-crypto/sha256-js/-/sha256-js-2.0.0.tgz#f1f936039bdebd0b9e2dd834d65afdc2aac4efcb"
  integrity sha512-VZY+mCY4Nmrs5WGfitmNqXzaE873fcIZDu54cbaDaaamsaTOP1DBImV9F4pICc3EHjQXujyE8jig+PFCaew9ig==
  dependencies:
    "@aws-crypto/util" "^2.0.0"
    "@aws-sdk/types" "^3.1.0"
    tslib "^1.11.1"

"@aws-crypto/sha256-js@^2.0.0":
  version "2.0.1"
  resolved "https://registry.yarnpkg.com/@aws-crypto/sha256-js/-/sha256-js-2.0.1.tgz#79e1e6cf61f652ef2089c08d471c722ecf1626a9"
  integrity sha512-mbHTBSPBvg6o/mN/c18Z/zifM05eJrapj5ggoOIeHIWckvkv5VgGi7r/wYpt+QAO2ySKXLNvH2d8L7bne4xrMQ==
  dependencies:
    "@aws-crypto/util" "^2.0.1"
    "@aws-sdk/types" "^3.1.0"
    tslib "^1.11.1"

"@aws-crypto/supports-web-crypto@^2.0.0":
  version "2.0.0"
  resolved "https://registry.yarnpkg.com/@aws-crypto/supports-web-crypto/-/supports-web-crypto-2.0.0.tgz#fd6cde30b88f77d5a4f57b2c37c560d918014f9e"
  integrity sha512-Ge7WQ3E0OC7FHYprsZV3h0QIcpdyJLvIeg+uTuHqRYm8D6qCFJoiC+edSzSyFiHtZf+NOQDJ1q46qxjtzIY2nA==
  dependencies:
    tslib "^1.11.1"

"@aws-crypto/util@^2.0.0", "@aws-crypto/util@^2.0.1":
  version "2.0.1"
  resolved "https://registry.yarnpkg.com/@aws-crypto/util/-/util-2.0.1.tgz#976cf619cf85084ca85ec5eb947a6ac6b8b5c98c"
  integrity sha512-JJmFFwvbm08lULw4Nm5QOLg8+lAQeC8aCXK5xrtxntYzYXCGfHwUJ4Is3770Q7HmICsXthGQ+ZsDL7C2uH3yBQ==
  dependencies:
    "@aws-sdk/types" "^3.1.0"
    "@aws-sdk/util-utf8-browser" "^3.0.0"
    tslib "^1.11.1"

"@aws-sdk/abort-controller@3.162.0":
  version "3.162.0"
  resolved "https://registry.yarnpkg.com/@aws-sdk/abort-controller/-/abort-controller-3.162.0.tgz#c49c08e61e87c1e6bcba8214177228ecf4007535"
  integrity sha512-8j1f/g+pNny3HkOojl+6phwd1yQE0FmM6EdssRJPA/IpR+SE0qTva2psKfZA9DivAg+/iTBozVCQU5GUJY1F2A==
  dependencies:
    "@aws-sdk/types" "3.162.0"
    tslib "^2.3.1"

"@aws-sdk/client-dynamodb@^3.162.0":
  version "3.162.0"
  resolved "https://registry.yarnpkg.com/@aws-sdk/client-dynamodb/-/client-dynamodb-3.162.0.tgz#1a11c63226c8f7cec011ec80461b56302fd5a517"
  integrity sha512-XTMATsBa2n85U71M68puN74JB4uDi3o9rrcTxY7hc1327+5HTHeWd0VNPuRVRkJbW4kweUyD4p0Yv5wyqcQl0w==
  dependencies:
    "@aws-crypto/sha256-browser" "2.0.0"
    "@aws-crypto/sha256-js" "2.0.0"
    "@aws-sdk/client-sts" "3.162.0"
    "@aws-sdk/config-resolver" "3.162.0"
    "@aws-sdk/credential-provider-node" "3.162.0"
    "@aws-sdk/fetch-http-handler" "3.162.0"
    "@aws-sdk/hash-node" "3.162.0"
    "@aws-sdk/invalid-dependency" "3.162.0"
    "@aws-sdk/middleware-content-length" "3.162.0"
    "@aws-sdk/middleware-endpoint-discovery" "3.162.0"
    "@aws-sdk/middleware-host-header" "3.162.0"
    "@aws-sdk/middleware-logger" "3.162.0"
    "@aws-sdk/middleware-recursion-detection" "3.162.0"
    "@aws-sdk/middleware-retry" "3.162.0"
    "@aws-sdk/middleware-serde" "3.162.0"
    "@aws-sdk/middleware-signing" "3.162.0"
    "@aws-sdk/middleware-stack" "3.162.0"
    "@aws-sdk/middleware-user-agent" "3.162.0"
    "@aws-sdk/node-config-provider" "3.162.0"
    "@aws-sdk/node-http-handler" "3.162.0"
    "@aws-sdk/protocol-http" "3.162.0"
    "@aws-sdk/smithy-client" "3.162.0"
    "@aws-sdk/types" "3.162.0"
    "@aws-sdk/url-parser" "3.162.0"
    "@aws-sdk/util-base64-browser" "3.109.0"
    "@aws-sdk/util-base64-node" "3.55.0"
    "@aws-sdk/util-body-length-browser" "3.154.0"
    "@aws-sdk/util-body-length-node" "3.55.0"
    "@aws-sdk/util-defaults-mode-browser" "3.162.0"
    "@aws-sdk/util-defaults-mode-node" "3.162.0"
    "@aws-sdk/util-user-agent-browser" "3.162.0"
    "@aws-sdk/util-user-agent-node" "3.162.0"
    "@aws-sdk/util-utf8-browser" "3.109.0"
    "@aws-sdk/util-utf8-node" "3.109.0"
    "@aws-sdk/util-waiter" "3.162.0"
    tslib "^2.3.1"
    uuid "^8.3.2"

"@aws-sdk/client-sso@3.162.0":
  version "3.162.0"
  resolved "https://registry.yarnpkg.com/@aws-sdk/client-sso/-/client-sso-3.162.0.tgz#51f2db0f79a3a24306d074ca75142c543a288891"
  integrity sha512-xCPASrShwIL9ZePAcPOKHpfXGBcTWaK77+TAeYx1iDI+n9Fd4dHxWAuByhsFJvieb3kj3XON3ZOQX0I3g4SlSA==
  dependencies:
    "@aws-crypto/sha256-browser" "2.0.0"
    "@aws-crypto/sha256-js" "2.0.0"
    "@aws-sdk/config-resolver" "3.162.0"
    "@aws-sdk/fetch-http-handler" "3.162.0"
    "@aws-sdk/hash-node" "3.162.0"
    "@aws-sdk/invalid-dependency" "3.162.0"
    "@aws-sdk/middleware-content-length" "3.162.0"
    "@aws-sdk/middleware-host-header" "3.162.0"
    "@aws-sdk/middleware-logger" "3.162.0"
    "@aws-sdk/middleware-recursion-detection" "3.162.0"
    "@aws-sdk/middleware-retry" "3.162.0"
    "@aws-sdk/middleware-serde" "3.162.0"
    "@aws-sdk/middleware-stack" "3.162.0"
    "@aws-sdk/middleware-user-agent" "3.162.0"
    "@aws-sdk/node-config-provider" "3.162.0"
    "@aws-sdk/node-http-handler" "3.162.0"
    "@aws-sdk/protocol-http" "3.162.0"
    "@aws-sdk/smithy-client" "3.162.0"
    "@aws-sdk/types" "3.162.0"
    "@aws-sdk/url-parser" "3.162.0"
    "@aws-sdk/util-base64-browser" "3.109.0"
    "@aws-sdk/util-base64-node" "3.55.0"
    "@aws-sdk/util-body-length-browser" "3.154.0"
    "@aws-sdk/util-body-length-node" "3.55.0"
    "@aws-sdk/util-defaults-mode-browser" "3.162.0"
    "@aws-sdk/util-defaults-mode-node" "3.162.0"
    "@aws-sdk/util-user-agent-browser" "3.162.0"
    "@aws-sdk/util-user-agent-node" "3.162.0"
    "@aws-sdk/util-utf8-browser" "3.109.0"
    "@aws-sdk/util-utf8-node" "3.109.0"
    tslib "^2.3.1"

"@aws-sdk/client-sts@3.162.0":
  version "3.162.0"
  resolved "https://registry.yarnpkg.com/@aws-sdk/client-sts/-/client-sts-3.162.0.tgz#b868562ecc52f145b67eae1117462a10de8153f2"
  integrity sha512-+2ImQFFFODF58sviwc5dHDSp3ndt3KubqQLz6dL1wzUR8CZdKOKzlLZqqiZX7QcVIxcWKBBse+hzAQl/S5SWkA==
  dependencies:
    "@aws-crypto/sha256-browser" "2.0.0"
    "@aws-crypto/sha256-js" "2.0.0"
    "@aws-sdk/config-resolver" "3.162.0"
    "@aws-sdk/credential-provider-node" "3.162.0"
    "@aws-sdk/fetch-http-handler" "3.162.0"
    "@aws-sdk/hash-node" "3.162.0"
    "@aws-sdk/invalid-dependency" "3.162.0"
    "@aws-sdk/middleware-content-length" "3.162.0"
    "@aws-sdk/middleware-host-header" "3.162.0"
    "@aws-sdk/middleware-logger" "3.162.0"
    "@aws-sdk/middleware-recursion-detection" "3.162.0"
    "@aws-sdk/middleware-retry" "3.162.0"
    "@aws-sdk/middleware-sdk-sts" "3.162.0"
    "@aws-sdk/middleware-serde" "3.162.0"
    "@aws-sdk/middleware-signing" "3.162.0"
    "@aws-sdk/middleware-stack" "3.162.0"
    "@aws-sdk/middleware-user-agent" "3.162.0"
    "@aws-sdk/node-config-provider" "3.162.0"
    "@aws-sdk/node-http-handler" "3.162.0"
    "@aws-sdk/protocol-http" "3.162.0"
    "@aws-sdk/smithy-client" "3.162.0"
    "@aws-sdk/types" "3.162.0"
    "@aws-sdk/url-parser" "3.162.0"
    "@aws-sdk/util-base64-browser" "3.109.0"
    "@aws-sdk/util-base64-node" "3.55.0"
    "@aws-sdk/util-body-length-browser" "3.154.0"
    "@aws-sdk/util-body-length-node" "3.55.0"
    "@aws-sdk/util-defaults-mode-browser" "3.162.0"
    "@aws-sdk/util-defaults-mode-node" "3.162.0"
    "@aws-sdk/util-user-agent-browser" "3.162.0"
    "@aws-sdk/util-user-agent-node" "3.162.0"
    "@aws-sdk/util-utf8-browser" "3.109.0"
    "@aws-sdk/util-utf8-node" "3.109.0"
    entities "2.2.0"
    fast-xml-parser "3.19.0"
    tslib "^2.3.1"

"@aws-sdk/config-resolver@3.162.0":
  version "3.162.0"
  resolved "https://registry.yarnpkg.com/@aws-sdk/config-resolver/-/config-resolver-3.162.0.tgz#4a9d284b9e4826260baeb037aa464e023f0701a4"
  integrity sha512-6VBMIH9OVq6axUZ4pHs0x14VIP99dUamsGgUaABBfipQMdFY/4YWr198+6kDrnO3xNCzJOyZ6ueScbED34krhw==
  dependencies:
    "@aws-sdk/signature-v4" "3.162.0"
    "@aws-sdk/types" "3.162.0"
    "@aws-sdk/util-config-provider" "3.109.0"
    "@aws-sdk/util-middleware" "3.162.0"
    tslib "^2.3.1"

"@aws-sdk/credential-provider-env@3.162.0":
  version "3.162.0"
  resolved "https://registry.yarnpkg.com/@aws-sdk/credential-provider-env/-/credential-provider-env-3.162.0.tgz#be2bf9587d9e7b2a10b1c2530c5984b60efc11bd"
  integrity sha512-yzCJXiAAbZZHB4iThi4I+rs+gTYwBSetdU4Z1D89a2xjcOjCa8IhdQKm3GO/uJMScy4VtW3EEFG4/zZ7dVQPOw==
  dependencies:
    "@aws-sdk/property-provider" "3.162.0"
    "@aws-sdk/types" "3.162.0"
    tslib "^2.3.1"

"@aws-sdk/credential-provider-imds@3.162.0":
  version "3.162.0"
  resolved "https://registry.yarnpkg.com/@aws-sdk/credential-provider-imds/-/credential-provider-imds-3.162.0.tgz#bb8002a37c42e6f2f42fcafff3a8e4262b6aac4a"
  integrity sha512-ohrHMIu2MNauPjbE8mEMKtlEQH/VZdpNswPigaEejUGVumz0NSft9PlIn2X79sNX5Y+uXopynMQF4MZj773hTw==
  dependencies:
    "@aws-sdk/node-config-provider" "3.162.0"
    "@aws-sdk/property-provider" "3.162.0"
    "@aws-sdk/types" "3.162.0"
    "@aws-sdk/url-parser" "3.162.0"
    tslib "^2.3.1"

"@aws-sdk/credential-provider-ini@3.162.0":
  version "3.162.0"
  resolved "https://registry.yarnpkg.com/@aws-sdk/credential-provider-ini/-/credential-provider-ini-3.162.0.tgz#3d24197d4bc89118bcb02004ceaa641550975c9f"
  integrity sha512-ixhpegXkOqpqyYxDQPaRY+zYQuWAPSlhZ94hzBOs9fXbGp1pdSMUNmGMCgsyXb9PToj/WILm5vTMmfl6gBAtkQ==
  dependencies:
    "@aws-sdk/credential-provider-env" "3.162.0"
    "@aws-sdk/credential-provider-imds" "3.162.0"
    "@aws-sdk/credential-provider-sso" "3.162.0"
    "@aws-sdk/credential-provider-web-identity" "3.162.0"
    "@aws-sdk/property-provider" "3.162.0"
    "@aws-sdk/shared-ini-file-loader" "3.162.0"
    "@aws-sdk/types" "3.162.0"
    tslib "^2.3.1"

"@aws-sdk/credential-provider-node@3.162.0":
  version "3.162.0"
  resolved "https://registry.yarnpkg.com/@aws-sdk/credential-provider-node/-/credential-provider-node-3.162.0.tgz#469b6243d86649d4286fd8503c72ca59dd0a9eeb"
  integrity sha512-U0WilAOYAKgurgZ/eSTZDp6OHnYDPedNLlSErBrR6xvc860D8O06eI+Nu26hfNgx7TuMBY8MSImVsbwdhO2hbQ==
  dependencies:
    "@aws-sdk/credential-provider-env" "3.162.0"
    "@aws-sdk/credential-provider-imds" "3.162.0"
    "@aws-sdk/credential-provider-ini" "3.162.0"
    "@aws-sdk/credential-provider-process" "3.162.0"
    "@aws-sdk/credential-provider-sso" "3.162.0"
    "@aws-sdk/credential-provider-web-identity" "3.162.0"
    "@aws-sdk/property-provider" "3.162.0"
    "@aws-sdk/shared-ini-file-loader" "3.162.0"
    "@aws-sdk/types" "3.162.0"
    tslib "^2.3.1"

"@aws-sdk/credential-provider-process@3.162.0":
  version "3.162.0"
  resolved "https://registry.yarnpkg.com/@aws-sdk/credential-provider-process/-/credential-provider-process-3.162.0.tgz#e54db5f3ac5a5200a6f04803b05278c028a54447"
  integrity sha512-KtmYjlCMAa0XF3IJo4dxSF+OWmRoHbrdEHGEZw+j6iCZ3Nz6Y6xCsdxun5rAKdom1QRNMDR4wX0hRAdPYobW2w==
  dependencies:
    "@aws-sdk/property-provider" "3.162.0"
    "@aws-sdk/shared-ini-file-loader" "3.162.0"
    "@aws-sdk/types" "3.162.0"
    tslib "^2.3.1"

"@aws-sdk/credential-provider-sso@3.162.0":
  version "3.162.0"
  resolved "https://registry.yarnpkg.com/@aws-sdk/credential-provider-sso/-/credential-provider-sso-3.162.0.tgz#406832d421a2d9d7569a037ca39d340ea105b1c6"
  integrity sha512-kSKEoJPDS0UP58JlTzW1Nygk6Mw/HDGPwekAlx914lqGE7hvoKFOR8qCW9fwPmNoKpbx1dWQ7E8/GsfD6RBS1w==
  dependencies:
    "@aws-sdk/client-sso" "3.162.0"
    "@aws-sdk/property-provider" "3.162.0"
    "@aws-sdk/shared-ini-file-loader" "3.162.0"
    "@aws-sdk/types" "3.162.0"
    tslib "^2.3.1"

"@aws-sdk/credential-provider-web-identity@3.162.0":
  version "3.162.0"
  resolved "https://registry.yarnpkg.com/@aws-sdk/credential-provider-web-identity/-/credential-provider-web-identity-3.162.0.tgz#0b06aee91777b16c362ad565e9f1fdf77de7e8f6"
  integrity sha512-vy86OS5/h+Vfk1bxvWjbayyUtFNdwU+mfALin3zxJbFqneSxRBydNBomt/guJjapZE+h865lkteyOsqsYMskzQ==
  dependencies:
    "@aws-sdk/property-provider" "3.162.0"
    "@aws-sdk/types" "3.162.0"
    tslib "^2.3.1"

"@aws-sdk/endpoint-cache@3.55.0":
  version "3.55.0"
  resolved "https://registry.yarnpkg.com/@aws-sdk/endpoint-cache/-/endpoint-cache-3.55.0.tgz#b4be2cb363af005a67c2a6f938f06fcbbbbbccf8"
  integrity sha512-kxDoHFDuQwZEEUZRp+ZLOg68EXuKPzUN86DcpIZantDVcmu7MSPTbbQp9DZd8MnKVEKCP7Sop5f7zCqOPl3LXw==
  dependencies:
    mnemonist "0.38.3"
    tslib "^2.3.1"

"@aws-sdk/fetch-http-handler@3.162.0":
  version "3.162.0"
  resolved "https://registry.yarnpkg.com/@aws-sdk/fetch-http-handler/-/fetch-http-handler-3.162.0.tgz#d90d3f179ff11bedf69b971d22a7c00abba650d9"
  integrity sha512-DZLxxEqSMXqKteYohO4w6uoORabpETWso6wBdIFMul1BbEseqLjub1594D5RA18cqkcM2dV4ttw+boPPzOjSAw==
  dependencies:
    "@aws-sdk/protocol-http" "3.162.0"
    "@aws-sdk/querystring-builder" "3.162.0"
    "@aws-sdk/types" "3.162.0"
    "@aws-sdk/util-base64-browser" "3.109.0"
    tslib "^2.3.1"

"@aws-sdk/hash-node@3.162.0":
  version "3.162.0"
  resolved "https://registry.yarnpkg.com/@aws-sdk/hash-node/-/hash-node-3.162.0.tgz#72eeba4fe923fc96103740600bcb5a217dc8d338"
  integrity sha512-lfyyAb0Cd084QnUNLTkYowD8RW3L5Tb9lNnIMH6HY7uSE/obw1j/OnLUPqpey628WJ5DPyyvNBah3Vu+JVZ5Mw==
  dependencies:
    "@aws-sdk/types" "3.162.0"
    "@aws-sdk/util-buffer-from" "3.55.0"
    tslib "^2.3.1"

"@aws-sdk/invalid-dependency@3.162.0":
  version "3.162.0"
  resolved "https://registry.yarnpkg.com/@aws-sdk/invalid-dependency/-/invalid-dependency-3.162.0.tgz#a75b29aae362854041ebc4d282746041231109e4"
  integrity sha512-ENZ7Jf2EcxMMdAX9/sRrt/1rzeA2WwqAKrjIacKGT9KEGQNU+omWF/h+8stLCu0Uxcg0XswFXgQCXcI1IQuZjg==
  dependencies:
    "@aws-sdk/types" "3.162.0"
    tslib "^2.3.1"

"@aws-sdk/is-array-buffer@3.55.0":
  version "3.55.0"
  resolved "https://registry.yarnpkg.com/@aws-sdk/is-array-buffer/-/is-array-buffer-3.55.0.tgz#c46122c5636f01d5895e5256a587768c3425ea7a"
  integrity sha512-NbiPHVYuPxdqdFd6FxzzN3H1BQn/iWA3ri3Ry7AyLeP/tGs1yzEWMwf8BN8TSMALI0GXT6Sh0GDWy3Ok5xB6DA==
  dependencies:
    tslib "^2.3.1"

"@aws-sdk/middleware-content-length@3.162.0":
  version "3.162.0"
  resolved "https://registry.yarnpkg.com/@aws-sdk/middleware-content-length/-/middleware-content-length-3.162.0.tgz#987d77a843598aa52d1045745dbae7e79e763464"
  integrity sha512-gwuxHPBNNkr9Ah9gTNHqJ3uIp3zeY+VC2H810+RqkG5QrxU1bGAN/zezIIbcAlXjMM9vTSfO0rxGI04nhTx0BQ==
  dependencies:
    "@aws-sdk/protocol-http" "3.162.0"
    "@aws-sdk/types" "3.162.0"
    tslib "^2.3.1"

"@aws-sdk/middleware-endpoint-discovery@3.162.0":
  version "3.162.0"
  resolved "https://registry.yarnpkg.com/@aws-sdk/middleware-endpoint-discovery/-/middleware-endpoint-discovery-3.162.0.tgz#74547f335ad7849c142e16d60850cc9c7712b160"
  integrity sha512-5lNLQcJaTuQHykfa2eFUes3ENCFkeeJ0OuU2bYmmUfi45/sv0tmOHxkZGaPGpvNR1XyYyfye3Zlc7bDxgQwYEw==
  dependencies:
    "@aws-sdk/config-resolver" "3.162.0"
    "@aws-sdk/endpoint-cache" "3.55.0"
    "@aws-sdk/protocol-http" "3.162.0"
    "@aws-sdk/types" "3.162.0"
    tslib "^2.3.1"

"@aws-sdk/middleware-host-header@3.162.0":
  version "3.162.0"
  resolved "https://registry.yarnpkg.com/@aws-sdk/middleware-host-header/-/middleware-host-header-3.162.0.tgz#c59015c83f6c574bde72534919022b3a90c3cd2a"
  integrity sha512-gw5xe22P62N9yZPvrVXewM2vp70w9mLRWC1vh6pRDs0hEudAlsbXoWjB/z6jpG6ucA4Y1IOuXy5yGr9lND+zhg==
  dependencies:
    "@aws-sdk/protocol-http" "3.162.0"
    "@aws-sdk/types" "3.162.0"
    tslib "^2.3.1"

"@aws-sdk/middleware-logger@3.162.0":
  version "3.162.0"
  resolved "https://registry.yarnpkg.com/@aws-sdk/middleware-logger/-/middleware-logger-3.162.0.tgz#10b2d552d7aa2c48b91061a418224cc47984272c"
  integrity sha512-3YysLwpTZdfZkve2ytKFIwEc/WqDkxoI5kUXQq2hjsHAjLW7pEhUV00o+LJbgKjNxh38eSmmKeFlr5jnIjXHiQ==
  dependencies:
    "@aws-sdk/types" "3.162.0"
    tslib "^2.3.1"

"@aws-sdk/middleware-recursion-detection@3.162.0":
  version "3.162.0"
  resolved "https://registry.yarnpkg.com/@aws-sdk/middleware-recursion-detection/-/middleware-recursion-detection-3.162.0.tgz#6c13e90ec9cc7b7adcb98bcb3d02eb37cef37b5c"
  integrity sha512-AqoTnSX0JgoFuKPyWy0S+WUJqgfkVz6Os50azi32snjHmluEgLOmfeF0ixfxGFUVGxZp8WDuu/JVhwgTRKVuUA==
  dependencies:
    "@aws-sdk/protocol-http" "3.162.0"
    "@aws-sdk/types" "3.162.0"
    tslib "^2.3.1"

"@aws-sdk/middleware-retry@3.162.0":
  version "3.162.0"
  resolved "https://registry.yarnpkg.com/@aws-sdk/middleware-retry/-/middleware-retry-3.162.0.tgz#0601882f9105fc440b902a937f630da65914bd99"
  integrity sha512-9ZuTim8tnTgP7wNgj+RIdYzGhNgou6QBBX85qMIvngksRUgsd1CGR17HQTyYDZTKlZs7GvLt/L5FaJcOlpPUxA==
  dependencies:
    "@aws-sdk/protocol-http" "3.162.0"
    "@aws-sdk/service-error-classification" "3.162.0"
    "@aws-sdk/types" "3.162.0"
    "@aws-sdk/util-middleware" "3.162.0"
    tslib "^2.3.1"
    uuid "^8.3.2"

"@aws-sdk/middleware-sdk-sts@3.162.0":
  version "3.162.0"
  resolved "https://registry.yarnpkg.com/@aws-sdk/middleware-sdk-sts/-/middleware-sdk-sts-3.162.0.tgz#56d72632dbfd3e1ac21de43e587638cd1a217fd5"
  integrity sha512-OrccRClek8lMUnHPfuOYqX8KYOEmNHlYTK4VtTB1Ak1ZVtmy2Ppa7cDCaqNDg21ZFiD5f6H/Rf8qcNIzNcYlSw==
  dependencies:
    "@aws-sdk/middleware-signing" "3.162.0"
    "@aws-sdk/property-provider" "3.162.0"
    "@aws-sdk/protocol-http" "3.162.0"
    "@aws-sdk/signature-v4" "3.162.0"
    "@aws-sdk/types" "3.162.0"
    tslib "^2.3.1"

"@aws-sdk/middleware-serde@3.162.0":
  version "3.162.0"
  resolved "https://registry.yarnpkg.com/@aws-sdk/middleware-serde/-/middleware-serde-3.162.0.tgz#e83201bffd46500ed4ea71bb3ceda63505f31f96"
  integrity sha512-Vdgxbl7/o99CjeljQx3mTpY4cX7rc8YQykD49L2S61D6+Gkk9Zc4DMvaJDcxvR7ZUzRwjMTcMHlxbopcp1+UBA==
  dependencies:
    "@aws-sdk/types" "3.162.0"
    tslib "^2.3.1"

"@aws-sdk/middleware-signing@3.162.0":
  version "3.162.0"
  resolved "https://registry.yarnpkg.com/@aws-sdk/middleware-signing/-/middleware-signing-3.162.0.tgz#c0f2dfdc606eec207ef6ba2a8cf692dc29a945e2"
  integrity sha512-ti2iFmEJbWpadTWgHG3L5IIWEU/V3ViVs8X1IT/t6qi8Gi4Bo18C0cKh+KcEuH/K/Ma6R3WpMFKIVN8U2xoMoQ==
  dependencies:
    "@aws-sdk/property-provider" "3.162.0"
    "@aws-sdk/protocol-http" "3.162.0"
    "@aws-sdk/signature-v4" "3.162.0"
    "@aws-sdk/types" "3.162.0"
    tslib "^2.3.1"

"@aws-sdk/middleware-stack@3.162.0":
  version "3.162.0"
  resolved "https://registry.yarnpkg.com/@aws-sdk/middleware-stack/-/middleware-stack-3.162.0.tgz#26b37e6241ca5c1a5e50bb2b1367a39eabd2b5ad"
  integrity sha512-e/by4QvDl9qMQHdBnLz6n8PRglswPb3eS23qT2Wt32KVLUehMUGAf1cdns6YmYSHATK/ivFmT2QHHEnNIc+n5w==
  dependencies:
    tslib "^2.3.1"

"@aws-sdk/middleware-user-agent@3.162.0":
  version "3.162.0"
  resolved "https://registry.yarnpkg.com/@aws-sdk/middleware-user-agent/-/middleware-user-agent-3.162.0.tgz#da374bd9c66efc563ee9a2f6d1fff29c5ebea965"
  integrity sha512-aSCQk+oQbMPVHdncuend4jmd4MguLWjvi67OwKqdZjIKsSQfObCO8vwlfDM+ED3HcOfA0LwSxsFeSfQxC+WHxA==
  dependencies:
    "@aws-sdk/protocol-http" "3.162.0"
    "@aws-sdk/types" "3.162.0"
    tslib "^2.3.1"

"@aws-sdk/node-config-provider@3.162.0":
  version "3.162.0"
  resolved "https://registry.yarnpkg.com/@aws-sdk/node-config-provider/-/node-config-provider-3.162.0.tgz#9637996fd5ef18ce4619b927744727d2aff0d508"
  integrity sha512-PgaekXCCyz/gKkbukt9zYLBJDEVgmCm0l78q5J84yJbu0FhcZY4LaAgCHdzhsgEYWTX497hokzNc3rgLdVu46A==
  dependencies:
    "@aws-sdk/property-provider" "3.162.0"
    "@aws-sdk/shared-ini-file-loader" "3.162.0"
    "@aws-sdk/types" "3.162.0"
    tslib "^2.3.1"

"@aws-sdk/node-http-handler@3.162.0":
  version "3.162.0"
  resolved "https://registry.yarnpkg.com/@aws-sdk/node-http-handler/-/node-http-handler-3.162.0.tgz#771370fe09cc3b030666a6654cf1e461e6fe3cf1"
  integrity sha512-9jNk9SU3nNLZ1OW+fd6zHGdByUDm0FEO3Hy+J62DvbFe16x09TnVnPAoHfZ69kjz5ZNS7Gg0wmdKjUHi9T3lJQ==
  dependencies:
    "@aws-sdk/abort-controller" "3.162.0"
    "@aws-sdk/protocol-http" "3.162.0"
    "@aws-sdk/querystring-builder" "3.162.0"
    "@aws-sdk/types" "3.162.0"
    tslib "^2.3.1"

"@aws-sdk/property-provider@3.162.0":
  version "3.162.0"
  resolved "https://registry.yarnpkg.com/@aws-sdk/property-provider/-/property-provider-3.162.0.tgz#45cdaadfba54bb1c275972f12f33f72c8eb22333"
  integrity sha512-kQLpibZRIrF58axcKY4Pr17YGoVBKBOWKol8jI8vlDhbFJqn14pVLohv4wZ8TzG2kKhWCF+t25YQCefWz2/lkg==
  dependencies:
    "@aws-sdk/types" "3.162.0"
    tslib "^2.3.1"

"@aws-sdk/protocol-http@3.162.0":
  version "3.162.0"
  resolved "https://registry.yarnpkg.com/@aws-sdk/protocol-http/-/protocol-http-3.162.0.tgz#3657cb6627576180d8c5a9a37d6c3f2984d70f92"
  integrity sha512-xMFFxwcO+x5QoQX/LRGb3BpLCIBWC9cBOULm34rYGBySd/zQqebVJOhiKTPzaRL02WZTDNxsEEQHg97Lpe8CNw==
  dependencies:
    "@aws-sdk/types" "3.162.0"
    tslib "^2.3.1"

"@aws-sdk/querystring-builder@3.162.0":
  version "3.162.0"
  resolved "https://registry.yarnpkg.com/@aws-sdk/querystring-builder/-/querystring-builder-3.162.0.tgz#c1667eebeb0e15ac6cae2523afa5ea3a8ca8aa00"
  integrity sha512-3urwxCEpnQwa1B6fKmcr8R2Qmzr8VDttRSay5CgD/stbZ4XUzNsA6G1V36+EL1Vq4vMr1aZhriARioLDlhcz+g==
  dependencies:
    "@aws-sdk/types" "3.162.0"
    "@aws-sdk/util-uri-escape" "3.55.0"
    tslib "^2.3.1"

"@aws-sdk/querystring-parser@3.162.0":
  version "3.162.0"
  resolved "https://registry.yarnpkg.com/@aws-sdk/querystring-parser/-/querystring-parser-3.162.0.tgz#d4f0522cfe2a44d2f242a2e5c9c9cf928930938e"
  integrity sha512-0ccaGsR1O7e3BsprdYBMwGf8gmycTv1Dfz2EB5R6MiTqzcuQJ/lxpIcRh3jhUJaD1TPlUziyrBEAxtLka3HDDQ==
  dependencies:
    "@aws-sdk/types" "3.162.0"
    tslib "^2.3.1"

"@aws-sdk/service-error-classification@3.162.0":
  version "3.162.0"
  resolved "https://registry.yarnpkg.com/@aws-sdk/service-error-classification/-/service-error-classification-3.162.0.tgz#b07ed4ef541ec4d3d3cfe93efae054e3d39b5a1b"
  integrity sha512-AD9XL3CHFzwVWNEzdTo9aRnJl1ImqrRLlJ5zR/5ihTIJ68ZTYEiYP4vNKSCV6UfQ+vaaRNgLwiAx7JXzY54awg==

"@aws-sdk/shared-ini-file-loader@3.162.0":
  version "3.162.0"
  resolved "https://registry.yarnpkg.com/@aws-sdk/shared-ini-file-loader/-/shared-ini-file-loader-3.162.0.tgz#53bc40d774f4411200104e415cbe27a3dea110f7"
  integrity sha512-AGxISXns+1o6Pw+SPizFJDTw4Lwm+JSwhycCNhFU3JfdLsKfLY08JV4JHlcc+TyY4a8HhnGvE3r5t2f2dPLIsA==
  dependencies:
    tslib "^2.3.1"

"@aws-sdk/signature-v4@3.162.0":
  version "3.162.0"
  resolved "https://registry.yarnpkg.com/@aws-sdk/signature-v4/-/signature-v4-3.162.0.tgz#ea2792d30fa9d4ee14c688290364ecc7903b95e9"
  integrity sha512-qDB2X1LWzWQC0b2Xm+PxnM//N+1BM/q5HbLO/3YtRv/pyvDQszArkTzQV6ypLdH/mwhI5APx29xYuC58Z8QpLQ==
  dependencies:
    "@aws-sdk/is-array-buffer" "3.55.0"
    "@aws-sdk/types" "3.162.0"
    "@aws-sdk/util-hex-encoding" "3.109.0"
    "@aws-sdk/util-middleware" "3.162.0"
    "@aws-sdk/util-uri-escape" "3.55.0"
    tslib "^2.3.1"

"@aws-sdk/smithy-client@3.162.0":
  version "3.162.0"
  resolved "https://registry.yarnpkg.com/@aws-sdk/smithy-client/-/smithy-client-3.162.0.tgz#2646b05c287a609a1abb7d28a7009f3314c26803"
  integrity sha512-o7CwdhPvzYMvHY5dTzL2kqN8Zsl2D8pZ1mG2dPdQW9hYnutLOFK1HVv5dIzoSkp3jUwVGh6AXd1i4ZSb2d0LrA==
  dependencies:
    "@aws-sdk/middleware-stack" "3.162.0"
    "@aws-sdk/types" "3.162.0"
    tslib "^2.3.1"

"@aws-sdk/types@3.162.0", "@aws-sdk/types@^3.1.0":
  version "3.162.0"
  resolved "https://registry.yarnpkg.com/@aws-sdk/types/-/types-3.162.0.tgz#e908ff1a5de6bd06d7d6b88a648b384592acf7e2"
  integrity sha512-NBmuwVujH8fURDMvBHkHrYu/JAfG6Js/Bu0mC4o2Kdo5mRa3fD/N9kK0dEAxU1Rxp4wY2E++V9j2ZCw1KBGrSg==

"@aws-sdk/url-parser@3.162.0":
  version "3.162.0"
  resolved "https://registry.yarnpkg.com/@aws-sdk/url-parser/-/url-parser-3.162.0.tgz#ce341d3b6dbcaf52f00b80aff56b24b5ab8c1e82"
  integrity sha512-aJQ2awXYDceLAzPMQETpvI1XQd8oYuqH1EriFzXHqoJTNmYnHb7awtKSqwaS8pq48x1rS/eVtJAi85BG93fXyw==
  dependencies:
    "@aws-sdk/querystring-parser" "3.162.0"
    "@aws-sdk/types" "3.162.0"
    tslib "^2.3.1"

"@aws-sdk/util-base64-browser@3.109.0":
  version "3.109.0"
  resolved "https://registry.yarnpkg.com/@aws-sdk/util-base64-browser/-/util-base64-browser-3.109.0.tgz#e7faf5c4cbb88bc39b9c1c5a1a79e4c869e9f645"
  integrity sha512-lAZ6fyDGiRLaIsKT9qh7P9FGuNyZ4gAbr1YOSQk/5mHtaTuUvxlPptZuInNM/0MPQm6lpcot00D8IWTucn4PbA==
  dependencies:
    tslib "^2.3.1"

"@aws-sdk/util-base64-node@3.55.0":
  version "3.55.0"
  resolved "https://registry.yarnpkg.com/@aws-sdk/util-base64-node/-/util-base64-node-3.55.0.tgz#da9a3fd6752be49163572144793e6b23d0186ff4"
  integrity sha512-UQ/ZuNoAc8CFMpSiRYmevaTsuRKzLwulZTnM8LNlIt9Wx1tpNvqp80cfvVj7yySKROtEi20wq29h31dZf1eYNQ==
  dependencies:
    "@aws-sdk/util-buffer-from" "3.55.0"
    tslib "^2.3.1"

"@aws-sdk/util-body-length-browser@3.154.0":
  version "3.154.0"
  resolved "https://registry.yarnpkg.com/@aws-sdk/util-body-length-browser/-/util-body-length-browser-3.154.0.tgz#8c4c5d08c1923deeedf46006dc4db820ca606f56"
  integrity sha512-TUuy7paVkBRQrB/XFCsL8iTW6g/ma0S3N8dYOiIMJdeTqTFryeyOGkBpYBgYFQL6zRMZpyu0jOM7GYEffGFOXw==
  dependencies:
    tslib "^2.3.1"

"@aws-sdk/util-body-length-node@3.55.0":
  version "3.55.0"
  resolved "https://registry.yarnpkg.com/@aws-sdk/util-body-length-node/-/util-body-length-node-3.55.0.tgz#67049bbb6c62d794a1bb5a13b9a678988c925489"
  integrity sha512-lU1d4I+9wJwydduXs0SxSfd+mHKjxeyd39VwOv6i2KSwWkPbji9UQqpflKLKw+r45jL7+xU/zfeTUg5Tt/3Gew==
  dependencies:
    tslib "^2.3.1"

"@aws-sdk/util-buffer-from@3.55.0":
  version "3.55.0"
  resolved "https://registry.yarnpkg.com/@aws-sdk/util-buffer-from/-/util-buffer-from-3.55.0.tgz#e7c927974b07a29502aa1ad58509b91d0d7cf0f7"
  integrity sha512-uVzKG1UgvnV7XX2FPTylBujYMKBPBaq/qFBxfl0LVNfrty7YjpfieQxAe6yRLD+T0Kir/WDQwGvYC+tOYG3IGA==
  dependencies:
    "@aws-sdk/is-array-buffer" "3.55.0"
    tslib "^2.3.1"

"@aws-sdk/util-config-provider@3.109.0":
  version "3.109.0"
  resolved "https://registry.yarnpkg.com/@aws-sdk/util-config-provider/-/util-config-provider-3.109.0.tgz#7828b8894b2b23c289ffc5c106cbced7a5d6ee86"
  integrity sha512-GrAZl/aBv0A28LkyNyq8SPJ5fmViCwz80fWLMeWx/6q5AbivuILogjlWwEZSvZ9zrlHOcFC0+AnCa5pQrjaslw==
  dependencies:
    tslib "^2.3.1"

"@aws-sdk/util-defaults-mode-browser@3.162.0":
  version "3.162.0"
  resolved "https://registry.yarnpkg.com/@aws-sdk/util-defaults-mode-browser/-/util-defaults-mode-browser-3.162.0.tgz#41625d5ea4d3d347df00cc5647a0808fcb059c94"
  integrity sha512-BjhuriainNy0ezFqCK//380Wc4xsJJOnq1tmPlHScQxp3g8ucfClvjOUi96XQaTrEf8c8EsYp77+JNsvrHytmw==
  dependencies:
    "@aws-sdk/property-provider" "3.162.0"
    "@aws-sdk/types" "3.162.0"
    bowser "^2.11.0"
    tslib "^2.3.1"

"@aws-sdk/util-defaults-mode-node@3.162.0":
  version "3.162.0"
  resolved "https://registry.yarnpkg.com/@aws-sdk/util-defaults-mode-node/-/util-defaults-mode-node-3.162.0.tgz#0283d9119bda5c81dfa27c8ca3ced931658d3144"
  integrity sha512-mAoNRhQrtZsn0Wy2TmHB3uAgHv/8MRwhRZKryb2ZtoNL0qAxFuSyfdCum8Khzk3puTYhqvLO4f/BUbQDR+Gc0Q==
  dependencies:
    "@aws-sdk/config-resolver" "3.162.0"
    "@aws-sdk/credential-provider-imds" "3.162.0"
    "@aws-sdk/node-config-provider" "3.162.0"
    "@aws-sdk/property-provider" "3.162.0"
    "@aws-sdk/types" "3.162.0"
    tslib "^2.3.1"

"@aws-sdk/util-hex-encoding@3.109.0":
  version "3.109.0"
  resolved "https://registry.yarnpkg.com/@aws-sdk/util-hex-encoding/-/util-hex-encoding-3.109.0.tgz#93b20acc27c0a1d7d80f653bf19d3dd01c2ccc65"
  integrity sha512-s8CgTNrn3cLkrdiohfxLuOYPCanzvHn/aH5RW6DaMoeQiG5Hl9QUiP/WtdQ9QQx3xvpQFpmvxIaSBwSgFNLQxA==
  dependencies:
    tslib "^2.3.1"

"@aws-sdk/util-locate-window@^3.0.0":
  version "3.55.0"
  resolved "https://registry.yarnpkg.com/@aws-sdk/util-locate-window/-/util-locate-window-3.55.0.tgz#a4136a20ee1bfcb73967a6614caf769ef79db070"
  integrity sha512-0sPmK2JaJE2BbTcnvybzob/VrFKCXKfN4CUKcvn0yGg/me7Bz+vtzQRB3Xp+YSx+7OtWxzv63wsvHoAnXvgxgg==
  dependencies:
    tslib "^2.3.1"

"@aws-sdk/util-middleware@3.162.0":
  version "3.162.0"
  resolved "https://registry.yarnpkg.com/@aws-sdk/util-middleware/-/util-middleware-3.162.0.tgz#5e38b45b52b731ec4be7b3eb65e8097e70a8a844"
  integrity sha512-jDqZZ5nst+NtzvAPIQBdQqGY14Z3HeGANGm5NUoxWp8IlHnEV7GhTFDjFgubf8mgTBCzHnvbuBY1bfkzAeXWBA==
  dependencies:
    tslib "^2.3.1"

"@aws-sdk/util-uri-escape@3.55.0":
  version "3.55.0"
  resolved "https://registry.yarnpkg.com/@aws-sdk/util-uri-escape/-/util-uri-escape-3.55.0.tgz#ee57743c628a1c9f942dfe73205ce890ec011916"
  integrity sha512-mmdDLUpFCN2nkfwlLdOM54lTD528GiGSPN1qb8XtGLgZsJUmg3uJSFIN2lPeSbEwJB3NFjVas/rnQC48i7mV8w==
  dependencies:
    tslib "^2.3.1"

"@aws-sdk/util-user-agent-browser@3.162.0":
  version "3.162.0"
  resolved "https://registry.yarnpkg.com/@aws-sdk/util-user-agent-browser/-/util-user-agent-browser-3.162.0.tgz#735a3611e65df0c4b8a416bbb096e56d0b43f5c9"
  integrity sha512-FNmC2ywy1u3tbUSVCSkCwLvcbjIvj5EzAtF6I2wrMTI5PfaxVIQapKn2EecoVQgf4lsZqvGjyTxbl7SYvf9fxw==
  dependencies:
    "@aws-sdk/types" "3.162.0"
    bowser "^2.11.0"
    tslib "^2.3.1"

"@aws-sdk/util-user-agent-node@3.162.0":
  version "3.162.0"
  resolved "https://registry.yarnpkg.com/@aws-sdk/util-user-agent-node/-/util-user-agent-node-3.162.0.tgz#3c589c1ad1ce2821c9568dd12bb5632b8eb776be"
  integrity sha512-OIbZlccBFwITDQJoymU0V+yqqyPEbJUExJzeiP9bxJ58h7Jxj/da24cxCMaVDYvjhP/PoflOmC5Xblonaeg+oQ==
  dependencies:
    "@aws-sdk/node-config-provider" "3.162.0"
    "@aws-sdk/types" "3.162.0"
    tslib "^2.3.1"

"@aws-sdk/util-utf8-browser@3.109.0", "@aws-sdk/util-utf8-browser@^3.0.0":
  version "3.109.0"
  resolved "https://registry.yarnpkg.com/@aws-sdk/util-utf8-browser/-/util-utf8-browser-3.109.0.tgz#d013272e1981b23a4c84ac06f154db686c0cf84e"
  integrity sha512-FmcGSz0v7Bqpl1SE8G1Gc0CtDpug+rvqNCG/szn86JApD/f5x8oByjbEiAyTU2ZH2VevUntx6EW68ulHyH+x+w==
  dependencies:
    tslib "^2.3.1"

"@aws-sdk/util-utf8-node@3.109.0":
  version "3.109.0"
  resolved "https://registry.yarnpkg.com/@aws-sdk/util-utf8-node/-/util-utf8-node-3.109.0.tgz#89e06d916f5b246c7265f59bac742973ac0767ac"
  integrity sha512-Ti/ZBdvz2eSTElsucjzNmzpyg2MwfD1rXmxD0hZuIF8bPON/0+sZYnWd5CbDw9kgmhy28dmKue086tbZ1G0iLQ==
  dependencies:
    "@aws-sdk/util-buffer-from" "3.55.0"
    tslib "^2.3.1"

"@aws-sdk/util-waiter@3.162.0":
  version "3.162.0"
  resolved "https://registry.yarnpkg.com/@aws-sdk/util-waiter/-/util-waiter-3.162.0.tgz#369499ec934a47aa8f0340876a9228e6d8989736"
  integrity sha512-RDMimLdgffkBiFjXyGO0DYjUhDisBHx5OZIaj57bCWRqvMj4lSz5+eS3fpVEZaRDFo/P3i/86lvjPEqXStTlZA==
  dependencies:
    "@aws-sdk/abort-controller" "3.162.0"
    "@aws-sdk/types" "3.162.0"
    tslib "^2.3.1"

"@vendia/serverless-express@^4.3.9":
  version "4.3.9"
  resolved "https://registry.yarnpkg.com/@vendia/serverless-express/-/serverless-express-4.3.9.tgz#0ed1deb79ad177bf0e97fcdd31f99a5db9e532fa"
  integrity sha512-lfnnnJ/J9rpa4tDqkPzDMmJr+c489YI81i7P9JWZyf3zAKowaF0t1SeR3g9zUJYmTOn9glmqjiaG+OvNvxY7UQ==

accepts@~1.3.7:
  version "1.3.7"
  resolved "https://registry.yarnpkg.com/accepts/-/accepts-1.3.7.tgz#531bc726517a3b2b41f850021c6cc15eaab507cd"
  integrity sha512-Il80Qs2WjYlJIBNzNkK6KYqlVMTbZLXgHx2oT0pU/fjRHyEp+PEfEPY0R3WCwAGVOtauxh1hOxNgIf5bv7dQpA==
  dependencies:
    mime-types "~2.1.24"
    negotiator "0.6.2"

array-flatten@1.1.1:
  version "1.1.1"
  resolved "https://registry.yarnpkg.com/array-flatten/-/array-flatten-1.1.1.tgz#9a5f699051b1e7073328f2a008968b64ea2955d2"
  integrity sha1-ml9pkFGx5wczKPKgCJaLZOopVdI=

body-parser@1.19.0:
  version "1.19.0"
  resolved "https://registry.yarnpkg.com/body-parser/-/body-parser-1.19.0.tgz#96b2709e57c9c4e09a6fd66a8fd979844f69f08a"
  integrity sha512-dhEPs72UPbDnAQJ9ZKMNTP6ptJaionhP5cBb541nXPlW60Jepo9RV/a4fX4XWW9CuFNK22krhrj1+rgzifNCsw==
  dependencies:
    bytes "3.1.0"
    content-type "~1.0.4"
    debug "2.6.9"
    depd "~1.1.2"
    http-errors "1.7.2"
    iconv-lite "0.4.24"
    on-finished "~2.3.0"
    qs "6.7.0"
    raw-body "2.4.0"
    type-is "~1.6.17"

bowser@^2.11.0:
  version "2.11.0"
  resolved "https://registry.yarnpkg.com/bowser/-/bowser-2.11.0.tgz#5ca3c35757a7aa5771500c70a73a9f91ef420a8f"
  integrity sha512-AlcaJBi/pqqJBIQ8U9Mcpc9i8Aqxn88Skv5d+xBX006BY5u8N3mGLHa5Lgppa7L/HfwgwLgZ6NYs+Ag6uUmJRA==

bytes@3.1.0:
  version "3.1.0"
  resolved "https://registry.yarnpkg.com/bytes/-/bytes-3.1.0.tgz#f6cf7933a360e0588fa9fde85651cdc7f805d1f6"
  integrity sha512-zauLjrfCG+xvoyaqLoV8bLVXXNGC4JqlxFCutSDWA6fJrTo2ZuvLYTqZ7aHBLZSMOopbzwv8f+wZcVzfVTI2Dg==

content-disposition@0.5.3:
  version "0.5.3"
  resolved "https://registry.yarnpkg.com/content-disposition/-/content-disposition-0.5.3.tgz#e130caf7e7279087c5616c2007d0485698984fbd"
  integrity sha512-ExO0774ikEObIAEV9kDo50o+79VCUdEB6n6lzKgGwupcVeRlhrj3qGAfwq8G6uBJjkqLrhT0qEYFcWng8z1z0g==
  dependencies:
    safe-buffer "5.1.2"

content-type@~1.0.4:
  version "1.0.4"
  resolved "https://registry.yarnpkg.com/content-type/-/content-type-1.0.4.tgz#e138cc75e040c727b1966fe5e5f8c9aee256fe3b"
  integrity sha512-hIP3EEPs8tB9AT1L+NUqtwOAps4mk2Zob89MWXMHjHWg9milF/j4osnnQLXBCBFBk/tvIG/tUc9mOUJiPBhPXA==

cookie-signature@1.0.6:
  version "1.0.6"
  resolved "https://registry.yarnpkg.com/cookie-signature/-/cookie-signature-1.0.6.tgz#e303a882b342cc3ee8ca513a79999734dab3ae2c"
  integrity sha1-4wOogrNCzD7oylE6eZmXNNqzriw=

cookie@0.4.0:
  version "0.4.0"
  resolved "https://registry.yarnpkg.com/cookie/-/cookie-0.4.0.tgz#beb437e7022b3b6d49019d088665303ebe9c14ba"
  integrity sha512-+Hp8fLp57wnUSt0tY0tHEXh4voZRDnoIrZPqlo3DPiI4y9lwg/jqx+1Om94/W6ZaPDOUbnjOt/99w66zk+l1Xg==

debug@2.6.9:
  version "2.6.9"
  resolved "https://registry.yarnpkg.com/debug/-/debug-2.6.9.tgz#5d128515df134ff327e90a4c93f4e077a536341f"
  integrity sha512-bC7ElrdJaJnPbAP+1EotYvqZsb3ecl5wi6Bfi6BJTUcNowp6cvspg0jXznRTKDjm/E7AdgFBVeAPVMNcKGsHMA==
  dependencies:
    ms "2.0.0"

depd@~1.1.2:
  version "1.1.2"
  resolved "https://registry.yarnpkg.com/depd/-/depd-1.1.2.tgz#9bcd52e14c097763e749b274c4346ed2e560b5a9"
  integrity sha1-m81S4UwJd2PnSbJ0xDRu0uVgtak=

destroy@~1.0.4:
  version "1.0.4"
  resolved "https://registry.yarnpkg.com/destroy/-/destroy-1.0.4.tgz#978857442c44749e4206613e37946205826abd80"
  integrity sha1-l4hXRCxEdJ5CBmE+N5RiBYJqvYA=

ee-first@1.1.1:
  version "1.1.1"
  resolved "https://registry.yarnpkg.com/ee-first/-/ee-first-1.1.1.tgz#590c61156b0ae2f4f0255732a158b266bc56b21d"
  integrity sha1-WQxhFWsK4vTwJVcyoViyZrxWsh0=

encodeurl@~1.0.2:
  version "1.0.2"
  resolved "https://registry.yarnpkg.com/encodeurl/-/encodeurl-1.0.2.tgz#ad3ff4c86ec2d029322f5a02c3a9a606c95b3f59"
  integrity sha1-rT/0yG7C0CkyL1oCw6mmBslbP1k=

entities@2.2.0:
  version "2.2.0"
  resolved "https://registry.yarnpkg.com/entities/-/entities-2.2.0.tgz#098dc90ebb83d8dffa089d55256b351d34c4da55"
  integrity sha512-p92if5Nz619I0w+akJrLZH0MX0Pb5DX39XOwQTtXSdQQOaYH03S1uIQp4mhOZtAXrxq4ViO67YTiLBo2638o9A==

escape-html@~1.0.3:
  version "1.0.3"
  resolved "https://registry.yarnpkg.com/escape-html/-/escape-html-1.0.3.tgz#0258eae4d3d0c0974de1c169188ef0051d1d1988"
  integrity sha1-Aljq5NPQwJdN4cFpGI7wBR0dGYg=

etag@~1.8.1:
  version "1.8.1"
  resolved "https://registry.yarnpkg.com/etag/-/etag-1.8.1.tgz#41ae2eeb65efa62268aebfea83ac7d79299b0887"
  integrity sha1-Qa4u62XvpiJorr/qg6x9eSmbCIc=

express@^4.17.1:
  version "4.17.1"
  resolved "https://registry.yarnpkg.com/express/-/express-4.17.1.tgz#4491fc38605cf51f8629d39c2b5d026f98a4c134"
  integrity sha512-mHJ9O79RqluphRrcw2X/GTh3k9tVv8YcoyY4Kkh4WDMUYKRZUq0h1o0w2rrrxBqM7VoeUVqgb27xlEMXTnYt4g==
  dependencies:
    accepts "~1.3.7"
    array-flatten "1.1.1"
    body-parser "1.19.0"
    content-disposition "0.5.3"
    content-type "~1.0.4"
    cookie "0.4.0"
    cookie-signature "1.0.6"
    debug "2.6.9"
    depd "~1.1.2"
    encodeurl "~1.0.2"
    escape-html "~1.0.3"
    etag "~1.8.1"
    finalhandler "~1.1.2"
    fresh "0.5.2"
    merge-descriptors "1.0.1"
    methods "~1.1.2"
    on-finished "~2.3.0"
    parseurl "~1.3.3"
    path-to-regexp "0.1.7"
    proxy-addr "~2.0.5"
    qs "6.7.0"
    range-parser "~1.2.1"
    safe-buffer "5.1.2"
    send "0.17.1"
    serve-static "1.14.1"
    setprototypeof "1.1.1"
    statuses "~1.5.0"
    type-is "~1.6.18"
    utils-merge "1.0.1"
    vary "~1.1.2"

fast-xml-parser@3.19.0:
  version "3.19.0"
  resolved "https://registry.yarnpkg.com/fast-xml-parser/-/fast-xml-parser-3.19.0.tgz#cb637ec3f3999f51406dd8ff0e6fc4d83e520d01"
  integrity sha512-4pXwmBplsCPv8FOY1WRakF970TjNGnGnfbOnLqjlYvMiF1SR3yOHyxMR/YCXpPTOspNF5gwudqktIP4VsWkvBg==

finalhandler@~1.1.2:
  version "1.1.2"
  resolved "https://registry.yarnpkg.com/finalhandler/-/finalhandler-1.1.2.tgz#b7e7d000ffd11938d0fdb053506f6ebabe9f587d"
  integrity sha512-aAWcW57uxVNrQZqFXjITpW3sIUQmHGG3qSb9mUah9MgMC4NeWhNOlNjXEYq3HjRAvL6arUviZGGJsBg6z0zsWA==
  dependencies:
    debug "2.6.9"
    encodeurl "~1.0.2"
    escape-html "~1.0.3"
    on-finished "~2.3.0"
    parseurl "~1.3.3"
    statuses "~1.5.0"
    unpipe "~1.0.0"

forwarded@0.2.0:
  version "0.2.0"
  resolved "https://registry.yarnpkg.com/forwarded/-/forwarded-0.2.0.tgz#2269936428aad4c15c7ebe9779a84bf0b2a81811"
  integrity sha512-buRG0fpBtRHSTCOASe6hD258tEubFoRLb4ZNA6NxMVHNw2gOcwHo9wyablzMzOA5z9xA9L1KNjk/Nt6MT9aYow==

fresh@0.5.2:
  version "0.5.2"
  resolved "https://registry.yarnpkg.com/fresh/-/fresh-0.5.2.tgz#3d8cadd90d976569fa835ab1f8e4b23a105605a7"
  integrity sha1-PYyt2Q2XZWn6g1qx+OSyOhBWBac=

http-errors@1.7.2:
  version "1.7.2"
  resolved "https://registry.yarnpkg.com/http-errors/-/http-errors-1.7.2.tgz#4f5029cf13239f31036e5b2e55292bcfbcc85c8f"
  integrity sha512-uUQBt3H/cSIVfch6i1EuPNy/YsRSOUBXTVfZ+yR7Zjez3qjBz6i9+i4zjNaoqcoFVI4lQJ5plg63TvGfRSDCRg==
  dependencies:
    depd "~1.1.2"
    inherits "2.0.3"
    setprototypeof "1.1.1"
    statuses ">= 1.5.0 < 2"
    toidentifier "1.0.0"

http-errors@~1.7.2:
  version "1.7.3"
  resolved "https://registry.yarnpkg.com/http-errors/-/http-errors-1.7.3.tgz#6c619e4f9c60308c38519498c14fbb10aacebb06"
  integrity sha512-ZTTX0MWrsQ2ZAhA1cejAwDLycFsd7I7nVtnkT3Ol0aqodaKW+0CTZDQ1uBv5whptCnc8e8HeRRJxRs0kmm/Qfw==
  dependencies:
    depd "~1.1.2"
    inherits "2.0.4"
    setprototypeof "1.1.1"
    statuses ">= 1.5.0 < 2"
    toidentifier "1.0.0"

iconv-lite@0.4.24:
  version "0.4.24"
  resolved "https://registry.yarnpkg.com/iconv-lite/-/iconv-lite-0.4.24.tgz#2022b4b25fbddc21d2f524974a474aafe733908b"
  integrity sha512-v3MXnZAcvnywkTUEZomIActle7RXXeedOR31wwl7VlyoXO4Qi9arvSenNQWne1TcRwhCL1HwLI21bEqdpj8/rA==
  dependencies:
    safer-buffer ">= 2.1.2 < 3"

inherits@2.0.3:
  version "2.0.3"
  resolved "https://registry.yarnpkg.com/inherits/-/inherits-2.0.3.tgz#633c2c83e3da42a502f52466022480f4208261de"
  integrity sha1-Yzwsg+PaQqUC9SRmAiSA9CCCYd4=

inherits@2.0.4:
  version "2.0.4"
  resolved "https://registry.yarnpkg.com/inherits/-/inherits-2.0.4.tgz#0fa2c64f932917c3433a0ded55363aae37416b7c"
  integrity sha512-k/vGaX4/Yla3WzyMCvTQOXYeIHvqOKtnqBduzTHpzpQZzAskKMhZ2K+EnBiSM9zGSoIFeMpXKxa4dYeZIQqewQ==

ipaddr.js@1.9.1:
  version "1.9.1"
  resolved "https://registry.yarnpkg.com/ipaddr.js/-/ipaddr.js-1.9.1.tgz#bff38543eeb8984825079ff3a2a8e6cbd46781b3"
  integrity sha512-0KI/607xoxSToH7GjN1FfSbLoU0+btTicjsQSWQlh/hZykN8KpmMf7uYwPW3R+akZ6R/w18ZlXSHBYXiYUPO3g==

media-typer@0.3.0:
  version "0.3.0"
  resolved "https://registry.yarnpkg.com/media-typer/-/media-typer-0.3.0.tgz#8710d7af0aa626f8fffa1ce00168545263255748"
  integrity sha1-hxDXrwqmJvj/+hzgAWhUUmMlV0g=

merge-descriptors@1.0.1:
  version "1.0.1"
  resolved "https://registry.yarnpkg.com/merge-descriptors/-/merge-descriptors-1.0.1.tgz#b00aaa556dd8b44568150ec9d1b953f3f90cbb61"
  integrity sha1-sAqqVW3YtEVoFQ7J0blT8/kMu2E=

methods@~1.1.2:
  version "1.1.2"
  resolved "https://registry.yarnpkg.com/methods/-/methods-1.1.2.tgz#5529a4d67654134edcc5266656835b0f851afcee"
  integrity sha1-VSmk1nZUE07cxSZmVoNbD4Ua/O4=

mime-db@1.48.0:
  version "1.48.0"
  resolved "https://registry.yarnpkg.com/mime-db/-/mime-db-1.48.0.tgz#e35b31045dd7eada3aaad537ed88a33afbef2d1d"
  integrity sha512-FM3QwxV+TnZYQ2aRqhlKBMHxk10lTbMt3bBkMAp54ddrNeVSfcQYOOKuGuy3Ddrm38I04If834fOUSq1yzslJQ==

mime-types@~2.1.24:
  version "2.1.31"
  resolved "https://registry.yarnpkg.com/mime-types/-/mime-types-2.1.31.tgz#a00d76b74317c61f9c2db2218b8e9f8e9c5c9e6b"
  integrity sha512-XGZnNzm3QvgKxa8dpzyhFTHmpP3l5YNusmne07VUOXxou9CqUqYa/HBy124RqtVh/O2pECas/MOcsDgpilPOPg==
  dependencies:
    mime-db "1.48.0"

mime@1.6.0:
  version "1.6.0"
  resolved "https://registry.yarnpkg.com/mime/-/mime-1.6.0.tgz#32cd9e5c64553bd58d19a568af452acff04981b1"
  integrity sha512-x0Vn8spI+wuJ1O6S7gnbaQg8Pxh4NNHb7KSINmEWKiPE4RKOplvijn+NkmYmmRgP68mc70j2EbeTFRsrswaQeg==

mnemonist@0.38.3:
  version "0.38.3"
  resolved "https://registry.yarnpkg.com/mnemonist/-/mnemonist-0.38.3.tgz#35ec79c1c1f4357cfda2fe264659c2775ccd7d9d"
  integrity sha512-2K9QYubXx/NAjv4VLq1d1Ly8pWNC5L3BrixtdkyTegXWJIqY+zLNDhhX/A+ZwWt70tB1S8H4BE8FLYEFyNoOBw==
  dependencies:
    obliterator "^1.6.1"

ms@2.0.0:
  version "2.0.0"
  resolved "https://registry.yarnpkg.com/ms/-/ms-2.0.0.tgz#5608aeadfc00be6c2901df5f9861788de0d597c8"
  integrity sha1-VgiurfwAvmwpAd9fmGF4jeDVl8g=

ms@2.1.1:
  version "2.1.1"
  resolved "https://registry.yarnpkg.com/ms/-/ms-2.1.1.tgz#30a5864eb3ebb0a66f2ebe6d727af06a09d86e0a"
  integrity sha512-tgp+dl5cGk28utYktBsrFqA7HKgrhgPsg6Z/EfhWI4gl1Hwq8B/GmY/0oXZ6nF8hDVesS/FpnYaD/kOWhYQvyg==

negotiator@0.6.2:
  version "0.6.2"
  resolved "https://registry.yarnpkg.com/negotiator/-/negotiator-0.6.2.tgz#feacf7ccf525a77ae9634436a64883ffeca346fb"
  integrity sha512-hZXc7K2e+PgeI1eDBe/10Ard4ekbfrrqG8Ep+8Jmf4JID2bNg7NvCPOZN+kfF574pFQI7mum2AUqDidoKqcTOw==

obliterator@^1.6.1:
  version "1.6.1"
  resolved "https://registry.yarnpkg.com/obliterator/-/obliterator-1.6.1.tgz#dea03e8ab821f6c4d96a299e17aef6a3af994ef3"
  integrity sha512-9WXswnqINnnhOG/5SLimUlzuU1hFJUc8zkwyD59Sd+dPOMf05PmnYG/d6Q7HZ+KmgkZJa1PxRso6QdM3sTNHig==

on-finished@~2.3.0:
  version "2.3.0"
  resolved "https://registry.yarnpkg.com/on-finished/-/on-finished-2.3.0.tgz#20f1336481b083cd75337992a16971aa2d906947"
  integrity sha1-IPEzZIGwg811M3mSoWlxqi2QaUc=
  dependencies:
    ee-first "1.1.1"

parseurl@~1.3.3:
  version "1.3.3"
  resolved "https://registry.yarnpkg.com/parseurl/-/parseurl-1.3.3.tgz#9da19e7bee8d12dff0513ed5b76957793bc2e8d4"
  integrity sha512-CiyeOxFT/JZyN5m0z9PfXw4SCBJ6Sygz1Dpl0wqjlhDEGGBP1GnsUVEL0p63hoG1fcj3fHynXi9NYO4nWOL+qQ==

path-to-regexp@0.1.7:
  version "0.1.7"
  resolved "https://registry.yarnpkg.com/path-to-regexp/-/path-to-regexp-0.1.7.tgz#df604178005f522f15eb4490e7247a1bfaa67f8c"
  integrity sha1-32BBeABfUi8V60SQ5yR6G/qmf4w=

proxy-addr@~2.0.5:
  version "2.0.7"
  resolved "https://registry.yarnpkg.com/proxy-addr/-/proxy-addr-2.0.7.tgz#f19fe69ceab311eeb94b42e70e8c2070f9ba1025"
  integrity sha512-llQsMLSUDUPT44jdrU/O37qlnifitDP+ZwrmmZcoSKyLKvtZxpyV0n2/bD/N4tBAAZ/gJEdZU7KMraoK1+XYAg==
  dependencies:
    forwarded "0.2.0"
    ipaddr.js "1.9.1"

qs@6.7.0:
  version "6.7.0"
  resolved "https://registry.yarnpkg.com/qs/-/qs-6.7.0.tgz#41dc1a015e3d581f1621776be31afb2876a9b1bc"
  integrity sha512-VCdBRNFTX1fyE7Nb6FYoURo/SPe62QCaAyzJvUjwRaIsc+NePBEniHlvxFmmX56+HZphIGtV0XeCirBtpDrTyQ==

range-parser@~1.2.1:
  version "1.2.1"
  resolved "https://registry.yarnpkg.com/range-parser/-/range-parser-1.2.1.tgz#3cf37023d199e1c24d1a55b84800c2f3e6468031"
  integrity sha512-Hrgsx+orqoygnmhFbKaHE6c296J+HTAQXoxEF6gNupROmmGJRoyzfG3ccAveqCBrwr/2yxQ5BVd/GTl5agOwSg==

raw-body@2.4.0:
  version "2.4.0"
  resolved "https://registry.yarnpkg.com/raw-body/-/raw-body-2.4.0.tgz#a1ce6fb9c9bc356ca52e89256ab59059e13d0332"
  integrity sha512-4Oz8DUIwdvoa5qMJelxipzi/iJIi40O5cGV1wNYp5hvZP8ZN0T+jiNkL0QepXs+EsQ9XJ8ipEDoiH70ySUJP3Q==
  dependencies:
    bytes "3.1.0"
    http-errors "1.7.2"
    iconv-lite "0.4.24"
    unpipe "1.0.0"

safe-buffer@5.1.2:
  version "5.1.2"
  resolved "https://registry.yarnpkg.com/safe-buffer/-/safe-buffer-5.1.2.tgz#991ec69d296e0313747d59bdfd2b745c35f8828d"
  integrity sha512-Gd2UZBJDkXlY7GbJxfsE8/nvKkUEU1G38c1siN6QP6a9PT9MmHB8GnpscSmMJSoF8LOIrt8ud/wPtojys4G6+g==

"safer-buffer@>= 2.1.2 < 3":
  version "2.1.2"
  resolved "https://registry.yarnpkg.com/safer-buffer/-/safer-buffer-2.1.2.tgz#44fa161b0187b9549dd84bb91802f9bd8385cd6a"
  integrity sha512-YZo3K82SD7Riyi0E1EQPojLz7kpepnSQI9IyPbHHg1XXXevb5dJI7tpyN2ADxGcQbHG7vcyRHk0cbwqcQriUtg==

send@0.17.1:
  version "0.17.1"
  resolved "https://registry.yarnpkg.com/send/-/send-0.17.1.tgz#c1d8b059f7900f7466dd4938bdc44e11ddb376c8"
  integrity sha512-BsVKsiGcQMFwT8UxypobUKyv7irCNRHk1T0G680vk88yf6LBByGcZJOTJCrTP2xVN6yI+XjPJcNuE3V4fT9sAg==
  dependencies:
    debug "2.6.9"
    depd "~1.1.2"
    destroy "~1.0.4"
    encodeurl "~1.0.2"
    escape-html "~1.0.3"
    etag "~1.8.1"
    fresh "0.5.2"
    http-errors "~1.7.2"
    mime "1.6.0"
    ms "2.1.1"
    on-finished "~2.3.0"
    range-parser "~1.2.1"
    statuses "~1.5.0"

sentiment@^5.0.2:
  version "5.0.2"
  resolved "https://registry.yarnpkg.com/sentiment/-/sentiment-5.0.2.tgz#01e4396d9b5b17b1176f16c9d1a8be87b16cc1d6"
  integrity sha512-ZeC3y0JsOYTdwujt5uOd7ILJNilbgFzUtg/LEG4wUv43LayFNLZ28ec8+Su+h3saHlJmIwYxBzfDHHZuiMA15g==

serve-static@1.14.1:
  version "1.14.1"
  resolved "https://registry.yarnpkg.com/serve-static/-/serve-static-1.14.1.tgz#666e636dc4f010f7ef29970a88a674320898b2f9"
  integrity sha512-JMrvUwE54emCYWlTI+hGrGv5I8dEwmco/00EvkzIIsR7MqrHonbD9pO2MOfFnpFntl7ecpZs+3mW+XbQZu9QCg==
  dependencies:
    encodeurl "~1.0.2"
    escape-html "~1.0.3"
    parseurl "~1.3.3"
    send "0.17.1"

setprototypeof@1.1.1:
  version "1.1.1"
  resolved "https://registry.yarnpkg.com/setprototypeof/-/setprototypeof-1.1.1.tgz#7e95acb24aa92f5885e0abef5ba131330d4ae683"
  integrity sha512-JvdAWfbXeIGaZ9cILp38HntZSFSo3mWg6xGcJJsd+d4aRMOqauag1C63dJfDw7OaMYwEbHMOxEZ1lqVRYP2OAw==

"statuses@>= 1.5.0 < 2", statuses@~1.5.0:
  version "1.5.0"
  resolved "https://registry.yarnpkg.com/statuses/-/statuses-1.5.0.tgz#161c7dac177659fd9811f43771fa99381478628c"
  integrity sha1-Fhx9rBd2Wf2YEfQ3cfqZOBR4Yow=

toidentifier@1.0.0:
  version "1.0.0"
  resolved "https://registry.yarnpkg.com/toidentifier/-/toidentifier-1.0.0.tgz#7e1be3470f1e77948bc43d94a3c8f4d7752ba553"
  integrity sha512-yaOH/Pk/VEhBWWTlhI+qXxDFXlejDGcQipMlyxda9nthulaxLZUNcUqFxokp0vcYnvteJln5FNQDRrxj3YcbVw==

tslib@^1.11.1:
  version "1.14.1"
  resolved "https://registry.yarnpkg.com/tslib/-/tslib-1.14.1.tgz#cf2d38bdc34a134bcaf1091c41f6619e2f672d00"
  integrity sha512-Xni35NKzjgMrwevysHTCArtLDpPvye8zV/0E4EyYn43P7/7qvQwPh9BGkHewbMulVntbigmcT7rdX3BNo9wRJg==

tslib@^2.3.1:
  version "2.4.0"
  resolved "https://registry.yarnpkg.com/tslib/-/tslib-2.4.0.tgz#7cecaa7f073ce680a05847aa77be941098f36dc3"
  integrity sha512-d6xOpEDfsi2CZVlPQzGeux8XMwLT9hssAsaPYExaQMuYskwb+x1x7J371tWlbBdWHroy99KnVB6qIkUbs5X3UQ==

type-is@~1.6.17, type-is@~1.6.18:
  version "1.6.18"
  resolved "https://registry.yarnpkg.com/type-is/-/type-is-1.6.18.tgz#4e552cd05df09467dcbc4ef739de89f2cf37c131"
  integrity sha512-TkRKr9sUTxEH8MdfuCSP7VizJyzRNMjj2J2do2Jr3Kym598JVdEksuzPQCnlFPW4ky9Q+iA+ma9BGm06XQBy8g==
  dependencies:
    media-typer "0.3.0"
    mime-types "~2.1.24"

unpipe@1.0.0, unpipe@~1.0.0:
  version "1.0.0"
  resolved "https://registry.yarnpkg.com/unpipe/-/unpipe-1.0.0.tgz#b2bf4ee8514aae6165b4817829d21b2ef49904ec"
  integrity sha1-sr9O6FFKrmFltIF4KdIbLvSZBOw=

utils-merge@1.0.1:
  version "1.0.1"
  resolved "https://registry.yarnpkg.com/utils-merge/-/utils-merge-1.0.1.tgz#9f95710f50a267947b2ccc124741c1028427e713"
  integrity sha1-n5VxD1CiZ5R7LMwSR0HBAoQn5xM=

uuid@^8.3.2:
  version "8.3.2"
  resolved "https://registry.yarnpkg.com/uuid/-/uuid-8.3.2.tgz#80d5b5ced271bb9af6c445f21a1a04c606cefbe2"
  integrity sha512-+NYs2QeMWy+GWFOEm9xnn6HCDp0l7QBD7ml8zLUmJ+93Q5NF0NocErnwkTkXVFNiX3/fpC6afS8Dhb/gz7R7eg==

vary@~1.1.2:
  version "1.1.2"
  resolved "https://registry.yarnpkg.com/vary/-/vary-1.1.2.tgz#2299f02c6ded30d4a5961b0b9f74524a18f634fc"
  integrity sha1-IpnwLG3tMNSllhsLn3RSShj2NPw=
